
Microsoft Visual Studio Solution File, Format Version 12.00
# Visual Studio Version 16
VisualStudioVersion = 16.0.29613.14
MinimumVisualStudioVersion = 10.0.40219.1
Project("{9A19103F-16F7-4668-BE54-9A1E7A4F7556}") = "AttributeStudy", "AttributeStudy\AttributeStudy.csproj", "{7A9B8D1D-A4F0-4C44-81CC-AA44660D08AD}"
EndProject
Project("{9A19103F-16F7-4668-BE54-9A1E7A4F7556}") = "CoreFilterStudy", "CoreFilterStudy\CoreFilterStudy.csproj", "{F39EA6E1-4B78-4BED-A059-89FF6338124B}"
EndProject
Project("{2150E333-8FDC-42A3-9474-1A3956D46DE8}") = "MiddleWare", "MiddleWare", "{4E4C40EB-BD5B-48F7-992F-C4B2E04DADC3}"
EndProject
Project("{9A19103F-16F7-4668-BE54-9A1E7A4F7556}") = "MiddleWareFlow", "MiddleWareFlow\MiddleWareFlow.csproj", "{146C3826-260F-4825-A83E-77584C9ABBE1}"
EndProject
Project("{9A19103F-16F7-4668-BE54-9A1E7A4F7556}") = "MiddleWareWeb", "MiddleWareWeb\MiddleWareWeb.csproj", "{B6C2AC30-7705-4F7B-9EC3-49F37476E094}"
EndProject
Project("{9A19103F-16F7-4668-BE54-9A1E7A4F7556}") = "Web.IOC.Autofac", "AOC.Autofac\Web.IOC.Autofac.csproj", "{88DA5C6B-4791-4707-B6FE-C042CB415CBB}"
EndProject
Project("{9A19103F-16F7-4668-BE54-9A1E7A4F7556}") = "Wcs.Models", "Wcs.Models\Wcs.Models.csproj", "{EC302577-2B0D-4679-B501-79F7C49BC321}"
EndProject
Project("{2150E333-8FDC-42A3-9474-1A3956D46DE8}") = "GOF23", "GOF23", "{4DD75898-C2F7-43B4-9177-19133413C4C7}"
	ProjectSection(SolutionItems) = preProject
		设计模式说明.txt = 设计模式说明.txt
	EndProjectSection
EndProject
Project("{9A19103F-16F7-4668-BE54-9A1E7A4F7556}") = "OOP.DesignerPattern.AdapterPattern", "AdapterPattern\OOP.DesignerPattern.AdapterPattern.csproj", "{FBEAF221-92BF-4918-8891-1B6ADA43FAE3}"
EndProject
Project("{9A19103F-16F7-4668-BE54-9A1E7A4F7556}") = "OOP.DesignerPattern.ProxyPattern", "OOP.DesignerPattern.ProxyPattern\OOP.DesignerPattern.ProxyPattern.csproj", "{935001EA-214B-4039-B0DD-0D467FC4F139}"
EndProject
Project("{9A19103F-16F7-4668-BE54-9A1E7A4F7556}") = "OOP.DesignerPattern.ChainOfResponsibilityPattern", "OOP.DesignerPattern.ChainOfResponsibilityPattern\OOP.DesignerPattern.ChainOfResponsibilityPattern.csproj", "{F66A7F0B-36CD-4E5A-B159-77F498D00237}"
EndProject
Project("{9A19103F-16F7-4668-BE54-9A1E7A4F7556}") = "OOP.DesignerPattern.SingletonPattern", "OOP.DesinerPattern.SingletonPattern\OOP.DesignerPattern.SingletonPattern.csproj", "{BC155345-D65E-4FB6-AC8D-D9705CF89BED}"
EndProject
Project("{9A19103F-16F7-4668-BE54-9A1E7A4F7556}") = "OOP.DesignerPattern.PrototypePattern", "OOP.DesignerPattern.PrototypePattern\OOP.DesignerPattern.PrototypePattern.csproj", "{F91050DD-483E-4B97-9B75-7C1A6F8AED82}"
EndProject
Project("{9A19103F-16F7-4668-BE54-9A1E7A4F7556}") = "OOP.DesignerPattern.FactoryPattern", "OOP.DesignerPattern.FactoryPattern\OOP.DesignerPattern.FactoryPattern.csproj", "{C46BB620-ED92-4217-BFCE-DCDEC141AA8B}"
EndProject
Project("{2150E333-8FDC-42A3-9474-1A3956D46DE8}") = "IOC", "IOC", "{53723F53-8601-4E33-9911-78E314EC0185}"
EndProject
Project("{9A19103F-16F7-4668-BE54-9A1E7A4F7556}") = "Wcs.DAL", "Wcs.DAL\Wcs.DAL.csproj", "{60AF5A06-F0AF-4753-ABE7-113A1CE7E05E}"
EndProject
Project("{9A19103F-16F7-4668-BE54-9A1E7A4F7556}") = "Wcs.BLL", "Wcs.BLL\Wcs.BLL.csproj", "{F7AC396E-988A-466F-848A-A2D3F4F21225}"
EndProject
Project("{9A19103F-16F7-4668-BE54-9A1E7A4F7556}") = "CustomIOC", "CustomIOC\CustomIOC.csproj", "{41C3704B-BC9A-4526-9649-144A319ED4E0}"
EndProject
Project("{9A19103F-16F7-4668-BE54-9A1E7A4F7556}") = "Wcs.Common", "Wcs.Common\Wcs.Common.csproj", "{7E70EF71-6671-4D6E-A53A-9F4D9BBD4E2C}"
EndProject
Project("{9A19103F-16F7-4668-BE54-9A1E7A4F7556}") = "Aop.Castle", "Aop.Castle\Aop.Castle.csproj", "{8A5FD478-0B9C-4240-AFA2-3136B811AB52}"
EndProject
Project("{2150E333-8FDC-42A3-9474-1A3956D46DE8}") = "MicroService1", "MicroService1", "{5DD3AE18-3D32-4771-B5F4-86834F80C089}"
EndProject
Project("{9A19103F-16F7-4668-BE54-9A1E7A4F7556}") = "MicroService.AuthenticationCenter", "MicroService.AuthenticationCenter\MicroService.AuthenticationCenter.csproj", "{B2FB8C7A-50E4-40C7-A814-C450E31F27FC}"
EndProject
Project("{9A19103F-16F7-4668-BE54-9A1E7A4F7556}") = "Wcs.MicroService.ServiceInstance", "Wcs.MicroService.ServiceInstance\Wcs.MicroService.ServiceInstance.csproj", "{4D496B40-4207-4101-BB5B-757209E41FB5}"
EndProject
Project("{2150E333-8FDC-42A3-9474-1A3956D46DE8}") = "IdentityService4", "IdentityService4", "{BCE07FB2-8B16-4AF4-B81E-484FF7F3203B}"
EndProject
Project("{9A19103F-16F7-4668-BE54-9A1E7A4F7556}") = "MicroService.ClientDemo", "MicroService.ClientDemo\MicroService.ClientDemo.csproj", "{CC2FE4FE-A2F5-4CE3-AAE2-19730BC33350}"
EndProject
Project("{9A19103F-16F7-4668-BE54-9A1E7A4F7556}") = "MicroService.ServiceInstance", "MicroService.ServiceInstance\MicroService.ServiceInstance.csproj", "{875C707F-DCEE-49FC-81A9-6F4174439963}"
EndProject
Project("{9A19103F-16F7-4668-BE54-9A1E7A4F7556}") = "SwaggerTest", "SwaggerTest\SwaggerTest.csproj", "{B60EC487-334A-4038-80C7-ABBA700665EC}"
EndProject
Project("{9A19103F-16F7-4668-BE54-9A1E7A4F7556}") = "MicroService.GatewayDemo", "MicroService.GatewayDemo\MicroService.GatewayDemo.csproj", "{C095C067-8141-42F4-A470-DA0430471889}"
EndProject
Project("{2150E333-8FDC-42A3-9474-1A3956D46DE8}") = "JWT", "JWT", "{67886B3D-1E6C-4146-8617-F1B7455ABE9A}"
EndProject
Project("{9A19103F-16F7-4668-BE54-9A1E7A4F7556}") = "JWT.ServiceInstance", "JWT.ServiceInstance\JWT.ServiceInstance.csproj", "{00D81BE8-74D4-4F65-AE4B-870A308417A2}"
EndProject
Project("{9A19103F-16F7-4668-BE54-9A1E7A4F7556}") = "JWT.AuthenticationCenter", "JWT.AuthenticationCenter\JWT.AuthenticationCenter.csproj", "{1ABCDED3-1841-4B40-BE1C-50EC98EA314D}"
EndProject
Project("{2150E333-8FDC-42A3-9474-1A3956D46DE8}") = "RabbitMq", "RabbitMq", "{A267D27C-4A65-4C41-86D5-E912FF62FB69}"
EndProject
Project("{9A19103F-16F7-4668-BE54-9A1E7A4F7556}") = "RabbitMq.Processor", "RabbitMq.Processor\RabbitMq.Processor.csproj", "{D2F8F364-C925-4E7F-B5F6-B3BC05D7FD14}"
EndProject
Project("{9A19103F-16F7-4668-BE54-9A1E7A4F7556}") = "RabbitMq.SendDemo", "RabbitMq.SendDemo\RabbitMq.SendDemo.csproj", "{1A8408DA-0C9D-4D3F-859A-89EA9F5FECBC}"
EndProject
Project("{2150E333-8FDC-42A3-9474-1A3956D46DE8}") = "1.Wcs.BLL", "1.Wcs.BLL", "{07344408-FD43-4605-87C3-E18330AD7AFA}"
EndProject
Project("{9A19103F-16F7-4668-BE54-9A1E7A4F7556}") = "ServerLoadBalancing", "ServerLoadBalancing\ServerLoadBalancing.csproj", "{0DB78A78-DBB4-4161-9177-53E9997AA6E7}"
EndProject
Project("{9A19103F-16F7-4668-BE54-9A1E7A4F7556}") = "CommonCache", "CommonCache\CommonCache.csproj", "{8C99D577-486D-4BCE-9479-C964A081EB92}"
EndProject
Project("{2150E333-8FDC-42A3-9474-1A3956D46DE8}") = "ORM", "ORM", "{980D6275-A3A1-4A61-8E79-FCDBADB1A68F}"
EndProject
Project("{9A19103F-16F7-4668-BE54-9A1E7A4F7556}") = "ORMExplore", "ORMExplore\ORMExplore.csproj", "{58552A04-FD3E-48FF-ADA1-609FC847AEB9}"
EndProject
Project("{FAE04EC0-301F-11D3-BF4B-00C04F79EFBC}") = "MultiThread", "MultiThread\MultiThread.csproj", "{D1704D8C-B427-4503-AE9F-99940F5E20F3}"
EndProject
Project("{2150E333-8FDC-42A3-9474-1A3956D46DE8}") = "MicroService2", "MicroService2", "{A6A3B5DF-BB4D-47B5-A657-047A6E79D686}"
EndProject
Project("{9A19103F-16F7-4668-BE54-9A1E7A4F7556}") = "ConsulServiceRegistration", "ConsulServiceRegistration\ConsulServiceRegistration.csproj", "{EF76B7FE-073D-4DD0-804F-ECE82B0473CF}"
EndProject
Project("{9A19103F-16F7-4668-BE54-9A1E7A4F7556}") = "MyServiceA", "MyServiceA\MyServiceA.csproj", "{E2C345EC-C4A4-4697-9F9A-D6D5DB3E4552}"
EndProject
Project("{9A19103F-16F7-4668-BE54-9A1E7A4F7556}") = "MyServiceB", "MyServiceB\MyServiceB.csproj", "{C40F9B4C-32B1-468A-9A05-EF7A468C6295}"
EndProject
Project("{9A19103F-16F7-4668-BE54-9A1E7A4F7556}") = "ServiceDiscovery", "ServiceDiscovery\ServiceDiscovery.csproj", "{BD61B1CA-6AA6-4087-97AD-0F1C19F40155}"
EndProject
Project("{2150E333-8FDC-42A3-9474-1A3956D46DE8}") = "服务发现", "服务发现", "{29EC59CC-95A5-446E-926A-A3D3F491B29D}"
EndProject
Project("{2150E333-8FDC-42A3-9474-1A3956D46DE8}") = "服务注册", "服务注册", "{18659347-53D3-4ADD-B39D-C6C535E561C9}"
EndProject
Project("{9A19103F-16F7-4668-BE54-9A1E7A4F7556}") = "Test", "Test\Test.csproj", "{2E4262D2-057F-4604-AB98-98479D72E5FB}"
EndProject
Project("{2150E333-8FDC-42A3-9474-1A3956D46DE8}") = "Polly", "Polly", "{F14E8DEC-CF3A-4AC1-A97A-0BCBBDEBFEEA}"
EndProject
Project("{9A19103F-16F7-4668-BE54-9A1E7A4F7556}") = "PollyDemo", "PollyDemo\PollyDemo.csproj", "{DBB14232-9996-44EF-A48F-F8644135BE33}"
EndProject
Project("{2150E333-8FDC-42A3-9474-1A3956D46DE8}") = "GateWay", "GateWay", "{370DF4C5-98CE-4918-A639-722FA9E336FD}"
EndProject
Project("{9A19103F-16F7-4668-BE54-9A1E7A4F7556}") = "ApiGateway", "ApiGateway\ApiGateway.csproj", "{EC03A52B-D631-4E76-BC14-97F7B143FF25}"
EndProject
Project("{9A19103F-16F7-4668-BE54-9A1E7A4F7556}") = "RedisDemo", "Seckill\RedisDemo.csproj", "{9F6A1D66-C20E-450B-BF88-65A7A44D4C8B}"
EndProject
Project("{2150E333-8FDC-42A3-9474-1A3956D46DE8}") = "Redis", "Redis", "{7BDC32E8-BFA1-4F56-A8C7-0EDD48E84AF4}"
EndProject
Project("{9A19103F-16F7-4668-BE54-9A1E7A4F7556}") = "RedisWebDemo", "RedisWebDemo\RedisWebDemo.csproj", "{43C1C353-3A51-4250-9066-DCD38247DC42}"
EndProject
Project("{2150E333-8FDC-42A3-9474-1A3956D46DE8}") = "GRPC", "GRPC", "{089BC67B-5AE1-4725-AF29-95D26B531AD3}"
EndProject
Project("{9A19103F-16F7-4668-BE54-9A1E7A4F7556}") = "GrpcServer", "GrpcServer\GrpcServer.csproj", "{3475EA2C-8BD6-4FD8-AA2C-85FFFEF94124}"
EndProject
Project("{9A19103F-16F7-4668-BE54-9A1E7A4F7556}") = "GrpcClient", "GrpcClient\GrpcClient.csproj", "{2C9081CC-8C22-45AC-86ED-9336606E618A}"
EndProject
Project("{2150E333-8FDC-42A3-9474-1A3956D46DE8}") = "WebCrawler", "WebCrawler", "{222D3685-3CA2-4538-B9E6-82EA45A93666}"
EndProject
Project("{9A19103F-16F7-4668-BE54-9A1E7A4F7556}") = "Crawler", "Crawler\Crawler.csproj", "{D0342C54-1B94-4695-BF6E-379CA9EEBFB4}"
EndProject
Project("{2150E333-8FDC-42A3-9474-1A3956D46DE8}") = "Socket", "Socket", "{526C7A12-B15B-4351-BC16-A2E5E2559167}"
EndProject
Project("{9A19103F-16F7-4668-BE54-9A1E7A4F7556}") = "WebSocket", "WebSocket\WebSocket.csproj", "{D81279D9-F609-42B2-97C6-7BF70CDA7DA0}"
EndProject
Project("{FAE04EC0-301F-11D3-BF4B-00C04F79EFBC}") = "WebSocketFramwork", "WebSocketFramwork\WebSocketFramwork.csproj", "{036EEAB3-17E1-4F29-9ECC-DB4AFB2FB9DB}"
EndProject
Project("{2150E333-8FDC-42A3-9474-1A3956D46DE8}") = "Lucene.Net", "Lucene.Net", "{F49DCB8F-35EF-499D-A8AB-76267773AC33}"
EndProject
Project("{FAE04EC0-301F-11D3-BF4B-00C04F79EFBC}") = "LuceneDemo", "LuceneDemo\LuceneDemo.csproj", "{95DA644E-D066-48D7-AC1A-F69AEC6A6EF9}"
EndProject
Global
	GlobalSection(SolutionConfigurationPlatforms) = preSolution
		Debug|Any CPU = Debug|Any CPU
		Release|Any CPU = Release|Any CPU
	EndGlobalSection
	GlobalSection(ProjectConfigurationPlatforms) = postSolution
		{7A9B8D1D-A4F0-4C44-81CC-AA44660D08AD}.Debug|Any CPU.ActiveCfg = Debug|Any CPU
		{7A9B8D1D-A4F0-4C44-81CC-AA44660D08AD}.Debug|Any CPU.Build.0 = Debug|Any CPU
		{7A9B8D1D-A4F0-4C44-81CC-AA44660D08AD}.Release|Any CPU.ActiveCfg = Release|Any CPU
		{7A9B8D1D-A4F0-4C44-81CC-AA44660D08AD}.Release|Any CPU.Build.0 = Release|Any CPU
		{F39EA6E1-4B78-4BED-A059-89FF6338124B}.Debug|Any CPU.ActiveCfg = Debug|Any CPU
		{F39EA6E1-4B78-4BED-A059-89FF6338124B}.Debug|Any CPU.Build.0 = Debug|Any CPU
		{F39EA6E1-4B78-4BED-A059-89FF6338124B}.Release|Any CPU.ActiveCfg = Release|Any CPU
		{F39EA6E1-4B78-4BED-A059-89FF6338124B}.Release|Any CPU.Build.0 = Release|Any CPU
		{146C3826-260F-4825-A83E-77584C9ABBE1}.Debug|Any CPU.ActiveCfg = Debug|Any CPU
		{146C3826-260F-4825-A83E-77584C9ABBE1}.Debug|Any CPU.Build.0 = Debug|Any CPU
		{146C3826-260F-4825-A83E-77584C9ABBE1}.Release|Any CPU.ActiveCfg = Release|Any CPU
		{146C3826-260F-4825-A83E-77584C9ABBE1}.Release|Any CPU.Build.0 = Release|Any CPU
		{B6C2AC30-7705-4F7B-9EC3-49F37476E094}.Debug|Any CPU.ActiveCfg = Debug|Any CPU
		{B6C2AC30-7705-4F7B-9EC3-49F37476E094}.Debug|Any CPU.Build.0 = Debug|Any CPU
		{B6C2AC30-7705-4F7B-9EC3-49F37476E094}.Release|Any CPU.ActiveCfg = Release|Any CPU
		{B6C2AC30-7705-4F7B-9EC3-49F37476E094}.Release|Any CPU.Build.0 = Release|Any CPU
		{88DA5C6B-4791-4707-B6FE-C042CB415CBB}.Debug|Any CPU.ActiveCfg = Debug|Any CPU
		{88DA5C6B-4791-4707-B6FE-C042CB415CBB}.Debug|Any CPU.Build.0 = Debug|Any CPU
		{88DA5C6B-4791-4707-B6FE-C042CB415CBB}.Release|Any CPU.ActiveCfg = Release|Any CPU
		{88DA5C6B-4791-4707-B6FE-C042CB415CBB}.Release|Any CPU.Build.0 = Release|Any CPU
		{EC302577-2B0D-4679-B501-79F7C49BC321}.Debug|Any CPU.ActiveCfg = Debug|Any CPU
		{EC302577-2B0D-4679-B501-79F7C49BC321}.Debug|Any CPU.Build.0 = Debug|Any CPU
		{EC302577-2B0D-4679-B501-79F7C49BC321}.Release|Any CPU.ActiveCfg = Release|Any CPU
		{EC302577-2B0D-4679-B501-79F7C49BC321}.Release|Any CPU.Build.0 = Release|Any CPU
		{FBEAF221-92BF-4918-8891-1B6ADA43FAE3}.Debug|Any CPU.ActiveCfg = Debug|Any CPU
		{FBEAF221-92BF-4918-8891-1B6ADA43FAE3}.Debug|Any CPU.Build.0 = Debug|Any CPU
		{FBEAF221-92BF-4918-8891-1B6ADA43FAE3}.Release|Any CPU.ActiveCfg = Release|Any CPU
		{FBEAF221-92BF-4918-8891-1B6ADA43FAE3}.Release|Any CPU.Build.0 = Release|Any CPU
		{935001EA-214B-4039-B0DD-0D467FC4F139}.Debug|Any CPU.ActiveCfg = Debug|Any CPU
		{935001EA-214B-4039-B0DD-0D467FC4F139}.Debug|Any CPU.Build.0 = Debug|Any CPU
		{935001EA-214B-4039-B0DD-0D467FC4F139}.Release|Any CPU.ActiveCfg = Release|Any CPU
		{935001EA-214B-4039-B0DD-0D467FC4F139}.Release|Any CPU.Build.0 = Release|Any CPU
		{F66A7F0B-36CD-4E5A-B159-77F498D00237}.Debug|Any CPU.ActiveCfg = Debug|Any CPU
		{F66A7F0B-36CD-4E5A-B159-77F498D00237}.Debug|Any CPU.Build.0 = Debug|Any CPU
		{F66A7F0B-36CD-4E5A-B159-77F498D00237}.Release|Any CPU.ActiveCfg = Release|Any CPU
		{F66A7F0B-36CD-4E5A-B159-77F498D00237}.Release|Any CPU.Build.0 = Release|Any CPU
		{BC155345-D65E-4FB6-AC8D-D9705CF89BED}.Debug|Any CPU.ActiveCfg = Debug|Any CPU
		{BC155345-D65E-4FB6-AC8D-D9705CF89BED}.Debug|Any CPU.Build.0 = Debug|Any CPU
		{BC155345-D65E-4FB6-AC8D-D9705CF89BED}.Release|Any CPU.ActiveCfg = Release|Any CPU
		{BC155345-D65E-4FB6-AC8D-D9705CF89BED}.Release|Any CPU.Build.0 = Release|Any CPU
		{F91050DD-483E-4B97-9B75-7C1A6F8AED82}.Debug|Any CPU.ActiveCfg = Debug|Any CPU
		{F91050DD-483E-4B97-9B75-7C1A6F8AED82}.Debug|Any CPU.Build.0 = Debug|Any CPU
		{F91050DD-483E-4B97-9B75-7C1A6F8AED82}.Release|Any CPU.ActiveCfg = Release|Any CPU
		{F91050DD-483E-4B97-9B75-7C1A6F8AED82}.Release|Any CPU.Build.0 = Release|Any CPU
		{C46BB620-ED92-4217-BFCE-DCDEC141AA8B}.Debug|Any CPU.ActiveCfg = Debug|Any CPU
		{C46BB620-ED92-4217-BFCE-DCDEC141AA8B}.Debug|Any CPU.Build.0 = Debug|Any CPU
		{C46BB620-ED92-4217-BFCE-DCDEC141AA8B}.Release|Any CPU.ActiveCfg = Release|Any CPU
		{C46BB620-ED92-4217-BFCE-DCDEC141AA8B}.Release|Any CPU.Build.0 = Release|Any CPU
		{60AF5A06-F0AF-4753-ABE7-113A1CE7E05E}.Debug|Any CPU.ActiveCfg = Debug|Any CPU
		{60AF5A06-F0AF-4753-ABE7-113A1CE7E05E}.Debug|Any CPU.Build.0 = Debug|Any CPU
		{60AF5A06-F0AF-4753-ABE7-113A1CE7E05E}.Release|Any CPU.ActiveCfg = Release|Any CPU
		{60AF5A06-F0AF-4753-ABE7-113A1CE7E05E}.Release|Any CPU.Build.0 = Release|Any CPU
		{F7AC396E-988A-466F-848A-A2D3F4F21225}.Debug|Any CPU.ActiveCfg = Debug|Any CPU
		{F7AC396E-988A-466F-848A-A2D3F4F21225}.Debug|Any CPU.Build.0 = Debug|Any CPU
		{F7AC396E-988A-466F-848A-A2D3F4F21225}.Release|Any CPU.ActiveCfg = Release|Any CPU
		{F7AC396E-988A-466F-848A-A2D3F4F21225}.Release|Any CPU.Build.0 = Release|Any CPU
		{41C3704B-BC9A-4526-9649-144A319ED4E0}.Debug|Any CPU.ActiveCfg = Debug|Any CPU
		{41C3704B-BC9A-4526-9649-144A319ED4E0}.Debug|Any CPU.Build.0 = Debug|Any CPU
		{41C3704B-BC9A-4526-9649-144A319ED4E0}.Release|Any CPU.ActiveCfg = Release|Any CPU
		{41C3704B-BC9A-4526-9649-144A319ED4E0}.Release|Any CPU.Build.0 = Release|Any CPU
		{7E70EF71-6671-4D6E-A53A-9F4D9BBD4E2C}.Debug|Any CPU.ActiveCfg = Debug|Any CPU
		{7E70EF71-6671-4D6E-A53A-9F4D9BBD4E2C}.Debug|Any CPU.Build.0 = Debug|Any CPU
		{7E70EF71-6671-4D6E-A53A-9F4D9BBD4E2C}.Release|Any CPU.ActiveCfg = Release|Any CPU
		{7E70EF71-6671-4D6E-A53A-9F4D9BBD4E2C}.Release|Any CPU.Build.0 = Release|Any CPU
		{8A5FD478-0B9C-4240-AFA2-3136B811AB52}.Debug|Any CPU.ActiveCfg = Debug|Any CPU
		{8A5FD478-0B9C-4240-AFA2-3136B811AB52}.Debug|Any CPU.Build.0 = Debug|Any CPU
		{8A5FD478-0B9C-4240-AFA2-3136B811AB52}.Release|Any CPU.ActiveCfg = Release|Any CPU
		{8A5FD478-0B9C-4240-AFA2-3136B811AB52}.Release|Any CPU.Build.0 = Release|Any CPU
		{B2FB8C7A-50E4-40C7-A814-C450E31F27FC}.Debug|Any CPU.ActiveCfg = Debug|Any CPU
		{B2FB8C7A-50E4-40C7-A814-C450E31F27FC}.Debug|Any CPU.Build.0 = Debug|Any CPU
		{B2FB8C7A-50E4-40C7-A814-C450E31F27FC}.Release|Any CPU.ActiveCfg = Release|Any CPU
		{B2FB8C7A-50E4-40C7-A814-C450E31F27FC}.Release|Any CPU.Build.0 = Release|Any CPU
		{4D496B40-4207-4101-BB5B-757209E41FB5}.Debug|Any CPU.ActiveCfg = Debug|Any CPU
		{4D496B40-4207-4101-BB5B-757209E41FB5}.Debug|Any CPU.Build.0 = Debug|Any CPU
		{4D496B40-4207-4101-BB5B-757209E41FB5}.Release|Any CPU.ActiveCfg = Release|Any CPU
		{4D496B40-4207-4101-BB5B-757209E41FB5}.Release|Any CPU.Build.0 = Release|Any CPU
		{CC2FE4FE-A2F5-4CE3-AAE2-19730BC33350}.Debug|Any CPU.ActiveCfg = Debug|Any CPU
		{CC2FE4FE-A2F5-4CE3-AAE2-19730BC33350}.Debug|Any CPU.Build.0 = Debug|Any CPU
		{CC2FE4FE-A2F5-4CE3-AAE2-19730BC33350}.Release|Any CPU.ActiveCfg = Release|Any CPU
		{CC2FE4FE-A2F5-4CE3-AAE2-19730BC33350}.Release|Any CPU.Build.0 = Release|Any CPU
		{875C707F-DCEE-49FC-81A9-6F4174439963}.Debug|Any CPU.ActiveCfg = Debug|Any CPU
		{875C707F-DCEE-49FC-81A9-6F4174439963}.Debug|Any CPU.Build.0 = Debug|Any CPU
		{875C707F-DCEE-49FC-81A9-6F4174439963}.Release|Any CPU.ActiveCfg = Release|Any CPU
		{875C707F-DCEE-49FC-81A9-6F4174439963}.Release|Any CPU.Build.0 = Release|Any CPU
		{B60EC487-334A-4038-80C7-ABBA700665EC}.Debug|Any CPU.ActiveCfg = Debug|Any CPU
		{B60EC487-334A-4038-80C7-ABBA700665EC}.Debug|Any CPU.Build.0 = Debug|Any CPU
		{B60EC487-334A-4038-80C7-ABBA700665EC}.Release|Any CPU.ActiveCfg = Release|Any CPU
		{B60EC487-334A-4038-80C7-ABBA700665EC}.Release|Any CPU.Build.0 = Release|Any CPU
		{C095C067-8141-42F4-A470-DA0430471889}.Debug|Any CPU.ActiveCfg = Debug|Any CPU
		{C095C067-8141-42F4-A470-DA0430471889}.Debug|Any CPU.Build.0 = Debug|Any CPU
		{C095C067-8141-42F4-A470-DA0430471889}.Release|Any CPU.ActiveCfg = Release|Any CPU
		{C095C067-8141-42F4-A470-DA0430471889}.Release|Any CPU.Build.0 = Release|Any CPU
		{00D81BE8-74D4-4F65-AE4B-870A308417A2}.Debug|Any CPU.ActiveCfg = Debug|Any CPU
		{00D81BE8-74D4-4F65-AE4B-870A308417A2}.Debug|Any CPU.Build.0 = Debug|Any CPU
		{00D81BE8-74D4-4F65-AE4B-870A308417A2}.Release|Any CPU.ActiveCfg = Release|Any CPU
		{00D81BE8-74D4-4F65-AE4B-870A308417A2}.Release|Any CPU.Build.0 = Release|Any CPU
		{1ABCDED3-1841-4B40-BE1C-50EC98EA314D}.Debug|Any CPU.ActiveCfg = Debug|Any CPU
		{1ABCDED3-1841-4B40-BE1C-50EC98EA314D}.Debug|Any CPU.Build.0 = Debug|Any CPU
		{1ABCDED3-1841-4B40-BE1C-50EC98EA314D}.Release|Any CPU.ActiveCfg = Release|Any CPU
		{1ABCDED3-1841-4B40-BE1C-50EC98EA314D}.Release|Any CPU.Build.0 = Release|Any CPU
		{D2F8F364-C925-4E7F-B5F6-B3BC05D7FD14}.Debug|Any CPU.ActiveCfg = Debug|Any CPU
		{D2F8F364-C925-4E7F-B5F6-B3BC05D7FD14}.Debug|Any CPU.Build.0 = Debug|Any CPU
		{D2F8F364-C925-4E7F-B5F6-B3BC05D7FD14}.Release|Any CPU.ActiveCfg = Release|Any CPU
		{D2F8F364-C925-4E7F-B5F6-B3BC05D7FD14}.Release|Any CPU.Build.0 = Release|Any CPU
		{1A8408DA-0C9D-4D3F-859A-89EA9F5FECBC}.Debug|Any CPU.ActiveCfg = Debug|Any CPU
		{1A8408DA-0C9D-4D3F-859A-89EA9F5FECBC}.Debug|Any CPU.Build.0 = Debug|Any CPU
		{1A8408DA-0C9D-4D3F-859A-89EA9F5FECBC}.Release|Any CPU.ActiveCfg = Release|Any CPU
		{1A8408DA-0C9D-4D3F-859A-89EA9F5FECBC}.Release|Any CPU.Build.0 = Release|Any CPU
		{0DB78A78-DBB4-4161-9177-53E9997AA6E7}.Debug|Any CPU.ActiveCfg = Debug|Any CPU
		{0DB78A78-DBB4-4161-9177-53E9997AA6E7}.Debug|Any CPU.Build.0 = Debug|Any CPU
		{0DB78A78-DBB4-4161-9177-53E9997AA6E7}.Release|Any CPU.ActiveCfg = Release|Any CPU
		{0DB78A78-DBB4-4161-9177-53E9997AA6E7}.Release|Any CPU.Build.0 = Release|Any CPU
		{8C99D577-486D-4BCE-9479-C964A081EB92}.Debug|Any CPU.ActiveCfg = Debug|Any CPU
		{8C99D577-486D-4BCE-9479-C964A081EB92}.Debug|Any CPU.Build.0 = Debug|Any CPU
		{8C99D577-486D-4BCE-9479-C964A081EB92}.Release|Any CPU.ActiveCfg = Release|Any CPU
		{8C99D577-486D-4BCE-9479-C964A081EB92}.Release|Any CPU.Build.0 = Release|Any CPU
		{58552A04-FD3E-48FF-ADA1-609FC847AEB9}.Debug|Any CPU.ActiveCfg = Debug|Any CPU
		{58552A04-FD3E-48FF-ADA1-609FC847AEB9}.Debug|Any CPU.Build.0 = Debug|Any CPU
		{58552A04-FD3E-48FF-ADA1-609FC847AEB9}.Release|Any CPU.ActiveCfg = Release|Any CPU
		{58552A04-FD3E-48FF-ADA1-609FC847AEB9}.Release|Any CPU.Build.0 = Release|Any CPU
		{D1704D8C-B427-4503-AE9F-99940F5E20F3}.Debug|Any CPU.ActiveCfg = Debug|Any CPU
		{D1704D8C-B427-4503-AE9F-99940F5E20F3}.Debug|Any CPU.Build.0 = Debug|Any CPU
		{D1704D8C-B427-4503-AE9F-99940F5E20F3}.Release|Any CPU.ActiveCfg = Release|Any CPU
		{D1704D8C-B427-4503-AE9F-99940F5E20F3}.Release|Any CPU.Build.0 = Release|Any CPU
		{EF76B7FE-073D-4DD0-804F-ECE82B0473CF}.Debug|Any CPU.ActiveCfg = Debug|Any CPU
		{EF76B7FE-073D-4DD0-804F-ECE82B0473CF}.Debug|Any CPU.Build.0 = Debug|Any CPU
		{EF76B7FE-073D-4DD0-804F-ECE82B0473CF}.Release|Any CPU.ActiveCfg = Release|Any CPU
		{EF76B7FE-073D-4DD0-804F-ECE82B0473CF}.Release|Any CPU.Build.0 = Release|Any CPU
		{E2C345EC-C4A4-4697-9F9A-D6D5DB3E4552}.Debug|Any CPU.ActiveCfg = Debug|Any CPU
		{E2C345EC-C4A4-4697-9F9A-D6D5DB3E4552}.Debug|Any CPU.Build.0 = Debug|Any CPU
		{E2C345EC-C4A4-4697-9F9A-D6D5DB3E4552}.Release|Any CPU.ActiveCfg = Release|Any CPU
		{E2C345EC-C4A4-4697-9F9A-D6D5DB3E4552}.Release|Any CPU.Build.0 = Release|Any CPU
		{C40F9B4C-32B1-468A-9A05-EF7A468C6295}.Debug|Any CPU.ActiveCfg = Debug|Any CPU
		{C40F9B4C-32B1-468A-9A05-EF7A468C6295}.Debug|Any CPU.Build.0 = Debug|Any CPU
		{C40F9B4C-32B1-468A-9A05-EF7A468C6295}.Release|Any CPU.ActiveCfg = Release|Any CPU
		{C40F9B4C-32B1-468A-9A05-EF7A468C6295}.Release|Any CPU.Build.0 = Release|Any CPU
		{BD61B1CA-6AA6-4087-97AD-0F1C19F40155}.Debug|Any CPU.ActiveCfg = Debug|Any CPU
		{BD61B1CA-6AA6-4087-97AD-0F1C19F40155}.Debug|Any CPU.Build.0 = Debug|Any CPU
		{BD61B1CA-6AA6-4087-97AD-0F1C19F40155}.Release|Any CPU.ActiveCfg = Release|Any CPU
		{BD61B1CA-6AA6-4087-97AD-0F1C19F40155}.Release|Any CPU.Build.0 = Release|Any CPU
		{2E4262D2-057F-4604-AB98-98479D72E5FB}.Debug|Any CPU.ActiveCfg = Debug|Any CPU
		{2E4262D2-057F-4604-AB98-98479D72E5FB}.Debug|Any CPU.Build.0 = Debug|Any CPU
		{2E4262D2-057F-4604-AB98-98479D72E5FB}.Release|Any CPU.ActiveCfg = Release|Any CPU
		{2E4262D2-057F-4604-AB98-98479D72E5FB}.Release|Any CPU.Build.0 = Release|Any CPU
		{DBB14232-9996-44EF-A48F-F8644135BE33}.Debug|Any CPU.ActiveCfg = Debug|Any CPU
		{DBB14232-9996-44EF-A48F-F8644135BE33}.Debug|Any CPU.Build.0 = Debug|Any CPU
		{DBB14232-9996-44EF-A48F-F8644135BE33}.Release|Any CPU.ActiveCfg = Release|Any CPU
		{DBB14232-9996-44EF-A48F-F8644135BE33}.Release|Any CPU.Build.0 = Release|Any CPU
		{EC03A52B-D631-4E76-BC14-97F7B143FF25}.Debug|Any CPU.ActiveCfg = Debug|Any CPU
		{EC03A52B-D631-4E76-BC14-97F7B143FF25}.Debug|Any CPU.Build.0 = Debug|Any CPU
		{EC03A52B-D631-4E76-BC14-97F7B143FF25}.Release|Any CPU.ActiveCfg = Release|Any CPU
		{EC03A52B-D631-4E76-BC14-97F7B143FF25}.Release|Any CPU.Build.0 = Release|Any CPU
		{9F6A1D66-C20E-450B-BF88-65A7A44D4C8B}.Debug|Any CPU.ActiveCfg = Debug|Any CPU
		{9F6A1D66-C20E-450B-BF88-65A7A44D4C8B}.Debug|Any CPU.Build.0 = Debug|Any CPU
		{9F6A1D66-C20E-450B-BF88-65A7A44D4C8B}.Release|Any CPU.ActiveCfg = Release|Any CPU
		{9F6A1D66-C20E-450B-BF88-65A7A44D4C8B}.Release|Any CPU.Build.0 = Release|Any CPU
		{43C1C353-3A51-4250-9066-DCD38247DC42}.Debug|Any CPU.ActiveCfg = Debug|Any CPU
		{43C1C353-3A51-4250-9066-DCD38247DC42}.Debug|Any CPU.Build.0 = Debug|Any CPU
		{43C1C353-3A51-4250-9066-DCD38247DC42}.Release|Any CPU.ActiveCfg = Release|Any CPU
		{43C1C353-3A51-4250-9066-DCD38247DC42}.Release|Any CPU.Build.0 = Release|Any CPU
		{3475EA2C-8BD6-4FD8-AA2C-85FFFEF94124}.Debug|Any CPU.ActiveCfg = Debug|Any CPU
		{3475EA2C-8BD6-4FD8-AA2C-85FFFEF94124}.Debug|Any CPU.Build.0 = Debug|Any CPU
		{3475EA2C-8BD6-4FD8-AA2C-85FFFEF94124}.Release|Any CPU.ActiveCfg = Release|Any CPU
		{3475EA2C-8BD6-4FD8-AA2C-85FFFEF94124}.Release|Any CPU.Build.0 = Release|Any CPU
		{2C9081CC-8C22-45AC-86ED-9336606E618A}.Debug|Any CPU.ActiveCfg = Debug|Any CPU
		{2C9081CC-8C22-45AC-86ED-9336606E618A}.Debug|Any CPU.Build.0 = Debug|Any CPU
		{2C9081CC-8C22-45AC-86ED-9336606E618A}.Release|Any CPU.ActiveCfg = Release|Any CPU
		{2C9081CC-8C22-45AC-86ED-9336606E618A}.Release|Any CPU.Build.0 = Release|Any CPU
		{D0342C54-1B94-4695-BF6E-379CA9EEBFB4}.Debug|Any CPU.ActiveCfg = Debug|Any CPU
		{D0342C54-1B94-4695-BF6E-379CA9EEBFB4}.Debug|Any CPU.Build.0 = Debug|Any CPU
		{D0342C54-1B94-4695-BF6E-379CA9EEBFB4}.Release|Any CPU.ActiveCfg = Release|Any CPU
		{D0342C54-1B94-4695-BF6E-379CA9EEBFB4}.Release|Any CPU.Build.0 = Release|Any CPU
		{D81279D9-F609-42B2-97C6-7BF70CDA7DA0}.Debug|Any CPU.ActiveCfg = Debug|Any CPU
		{D81279D9-F609-42B2-97C6-7BF70CDA7DA0}.Debug|Any CPU.Build.0 = Debug|Any CPU
		{D81279D9-F609-42B2-97C6-7BF70CDA7DA0}.Release|Any CPU.ActiveCfg = Release|Any CPU
		{D81279D9-F609-42B2-97C6-7BF70CDA7DA0}.Release|Any CPU.Build.0 = Release|Any CPU
		{036EEAB3-17E1-4F29-9ECC-DB4AFB2FB9DB}.Debug|Any CPU.ActiveCfg = Debug|Any CPU
		{036EEAB3-17E1-4F29-9ECC-DB4AFB2FB9DB}.Debug|Any CPU.Build.0 = Debug|Any CPU
		{036EEAB3-17E1-4F29-9ECC-DB4AFB2FB9DB}.Release|Any CPU.ActiveCfg = Release|Any CPU
		{036EEAB3-17E1-4F29-9ECC-DB4AFB2FB9DB}.Release|Any CPU.Build.0 = Release|Any CPU
		{95DA644E-D066-48D7-AC1A-F69AEC6A6EF9}.Debug|Any CPU.ActiveCfg = Debug|Any CPU
		{95DA644E-D066-48D7-AC1A-F69AEC6A6EF9}.Debug|Any CPU.Build.0 = Debug|Any CPU
		{95DA644E-D066-48D7-AC1A-F69AEC6A6EF9}.Release|Any CPU.ActiveCfg = Release|Any CPU
		{95DA644E-D066-48D7-AC1A-F69AEC6A6EF9}.Release|Any CPU.Build.0 = Release|Any CPU
	EndGlobalSection
	GlobalSection(SolutionProperties) = preSolution
		HideSolutionNode = FALSE
	EndGlobalSection
	GlobalSection(NestedProjects) = preSolution
		{146C3826-260F-4825-A83E-77584C9ABBE1} = {4E4C40EB-BD5B-48F7-992F-C4B2E04DADC3}
		{B6C2AC30-7705-4F7B-9EC3-49F37476E094} = {4E4C40EB-BD5B-48F7-992F-C4B2E04DADC3}
		{88DA5C6B-4791-4707-B6FE-C042CB415CBB} = {53723F53-8601-4E33-9911-78E314EC0185}
		{EC302577-2B0D-4679-B501-79F7C49BC321} = {07344408-FD43-4605-87C3-E18330AD7AFA}
		{FBEAF221-92BF-4918-8891-1B6ADA43FAE3} = {4DD75898-C2F7-43B4-9177-19133413C4C7}
		{935001EA-214B-4039-B0DD-0D467FC4F139} = {4DD75898-C2F7-43B4-9177-19133413C4C7}
		{F66A7F0B-36CD-4E5A-B159-77F498D00237} = {4DD75898-C2F7-43B4-9177-19133413C4C7}
		{BC155345-D65E-4FB6-AC8D-D9705CF89BED} = {4DD75898-C2F7-43B4-9177-19133413C4C7}
		{F91050DD-483E-4B97-9B75-7C1A6F8AED82} = {4DD75898-C2F7-43B4-9177-19133413C4C7}
		{C46BB620-ED92-4217-BFCE-DCDEC141AA8B} = {4DD75898-C2F7-43B4-9177-19133413C4C7}
		{60AF5A06-F0AF-4753-ABE7-113A1CE7E05E} = {07344408-FD43-4605-87C3-E18330AD7AFA}
		{F7AC396E-988A-466F-848A-A2D3F4F21225} = {07344408-FD43-4605-87C3-E18330AD7AFA}
		{41C3704B-BC9A-4526-9649-144A319ED4E0} = {53723F53-8601-4E33-9911-78E314EC0185}
		{7E70EF71-6671-4D6E-A53A-9F4D9BBD4E2C} = {07344408-FD43-4605-87C3-E18330AD7AFA}
		{8A5FD478-0B9C-4240-AFA2-3136B811AB52} = {53723F53-8601-4E33-9911-78E314EC0185}
		{B2FB8C7A-50E4-40C7-A814-C450E31F27FC} = {BCE07FB2-8B16-4AF4-B81E-484FF7F3203B}
		{4D496B40-4207-4101-BB5B-757209E41FB5} = {BCE07FB2-8B16-4AF4-B81E-484FF7F3203B}
		{BCE07FB2-8B16-4AF4-B81E-484FF7F3203B} = {5DD3AE18-3D32-4771-B5F4-86834F80C089}
		{CC2FE4FE-A2F5-4CE3-AAE2-19730BC33350} = {5DD3AE18-3D32-4771-B5F4-86834F80C089}
		{875C707F-DCEE-49FC-81A9-6F4174439963} = {5DD3AE18-3D32-4771-B5F4-86834F80C089}
		{C095C067-8141-42F4-A470-DA0430471889} = {5DD3AE18-3D32-4771-B5F4-86834F80C089}
		{67886B3D-1E6C-4146-8617-F1B7455ABE9A} = {5DD3AE18-3D32-4771-B5F4-86834F80C089}
		{00D81BE8-74D4-4F65-AE4B-870A308417A2} = {67886B3D-1E6C-4146-8617-F1B7455ABE9A}
		{1ABCDED3-1841-4B40-BE1C-50EC98EA314D} = {67886B3D-1E6C-4146-8617-F1B7455ABE9A}
		{D2F8F364-C925-4E7F-B5F6-B3BC05D7FD14} = {A267D27C-4A65-4C41-86D5-E912FF62FB69}
		{1A8408DA-0C9D-4D3F-859A-89EA9F5FECBC} = {A267D27C-4A65-4C41-86D5-E912FF62FB69}
		{58552A04-FD3E-48FF-ADA1-609FC847AEB9} = {980D6275-A3A1-4A61-8E79-FCDBADB1A68F}
		{EF76B7FE-073D-4DD0-804F-ECE82B0473CF} = {18659347-53D3-4ADD-B39D-C6C535E561C9}
		{E2C345EC-C4A4-4697-9F9A-D6D5DB3E4552} = {18659347-53D3-4ADD-B39D-C6C535E561C9}
		{C40F9B4C-32B1-468A-9A05-EF7A468C6295} = {18659347-53D3-4ADD-B39D-C6C535E561C9}
		{BD61B1CA-6AA6-4087-97AD-0F1C19F40155} = {29EC59CC-95A5-446E-926A-A3D3F491B29D}
		{29EC59CC-95A5-446E-926A-A3D3F491B29D} = {A6A3B5DF-BB4D-47B5-A657-047A6E79D686}
		{18659347-53D3-4ADD-B39D-C6C535E561C9} = {A6A3B5DF-BB4D-47B5-A657-047A6E79D686}
		{2E4262D2-057F-4604-AB98-98479D72E5FB} = {29EC59CC-95A5-446E-926A-A3D3F491B29D}
		{F14E8DEC-CF3A-4AC1-A97A-0BCBBDEBFEEA} = {A6A3B5DF-BB4D-47B5-A657-047A6E79D686}
		{DBB14232-9996-44EF-A48F-F8644135BE33} = {F14E8DEC-CF3A-4AC1-A97A-0BCBBDEBFEEA}
		{370DF4C5-98CE-4918-A639-722FA9E336FD} = {A6A3B5DF-BB4D-47B5-A657-047A6E79D686}
		{EC03A52B-D631-4E76-BC14-97F7B143FF25} = {370DF4C5-98CE-4918-A639-722FA9E336FD}
		{9F6A1D66-C20E-450B-BF88-65A7A44D4C8B} = {7BDC32E8-BFA1-4F56-A8C7-0EDD48E84AF4}
		{43C1C353-3A51-4250-9066-DCD38247DC42} = {7BDC32E8-BFA1-4F56-A8C7-0EDD48E84AF4}
		{3475EA2C-8BD6-4FD8-AA2C-85FFFEF94124} = {089BC67B-5AE1-4725-AF29-95D26B531AD3}
		{2C9081CC-8C22-45AC-86ED-9336606E618A} = {089BC67B-5AE1-4725-AF29-95D26B531AD3}
		{D0342C54-1B94-4695-BF6E-379CA9EEBFB4} = {222D3685-3CA2-4538-B9E6-82EA45A93666}
		{D81279D9-F609-42B2-97C6-7BF70CDA7DA0} = {526C7A12-B15B-4351-BC16-A2E5E2559167}
		{036EEAB3-17E1-4F29-9ECC-DB4AFB2FB9DB} = {526C7A12-B15B-4351-BC16-A2E5E2559167}
		{95DA644E-D066-48D7-AC1A-F69AEC6A6EF9} = {F49DCB8F-35EF-499D-A8AB-76267773AC33}
	EndGlobalSection
	GlobalSection(ExtensibilityGlobals) = postSolution
		SolutionGuid = {AD03B136-324F-4C41-A4CF-90B459AE5E30}
	EndGlobalSection
EndGlobal
